
Microsoft Visual Studio Solution File, Format Version 12.00
# Visual Studio Version 17
VisualStudioVersion = 17.14.36310.24 d17.14
MinimumVisualStudioVersion = 10.0.40219.1
Project("{FAE04EC0-301F-11D3-BF4B-00C04F79EFBC}") = "ToDo", "ToDo.csproj", "{57B29F5D-9596-4247-8197-7C5D1DE9D613}"
EndProject
Global
	GlobalSection(SolutionConfigurationPlatforms) = preSolution
		Debug|Any CPU = Debug|Any CPU
		Release|Any CPU = Release|Any CPU
	EndGlobalSection
	GlobalSection(ProjectConfigurationPlatforms) = postSolution
		{57B29F5D-9596-4247-8197-7C5D1DE9D613}.Debug|Any CPU.ActiveCfg = Debug|Any CPU
		{57B29F5D-9596-4247-8197-7C5D1DE9D613}.Debug|Any CPU.Build.0 = Debug|Any CPU
		{57B29F5D-9596-4247-8197-7C5D1DE9D613}.Release|Any CPU.ActiveCfg = Release|Any CPU
		{57B29F5D-9596-4247-8197-7C5D1DE9D613}.Release|Any CPU.Build.0 = Release|Any CPU
	EndGlobalSection
	GlobalSection(SolutionProperties) = preSolution
		HideSolutionNode = FALSE
	EndGlobalSection
	GlobalSection(ExtensibilityGlobals) = postSolution
		SolutionGuid = {ECD527A0-74D6-4B39-8309-110B6192ED82}
	EndGlobalSection
EndGlobal
